
Microsoft Visual Studio Solution File, Format Version 12.00
# Visual Studio Version 17
VisualStudioVersion = 17.14.36408.4 d17.14
MinimumVisualStudioVersion = 10.0.40219.1
Project("{FAE04EC0-301F-11D3-BF4B-00C04F79EFBC}") = "SilkyUIAnalyzer", "SilkyUIAnalyzer.csproj", "{7BC902FD-9A8D-EEB4-25D9-1CF2DEBB91BE}"
EndProject
Global
	GlobalSection(SolutionConfigurationPlatforms) = preSolution
		Debug|Any CPU = Debug|Any CPU
		Release|Any CPU = Release|Any CPU
	EndGlobalSection
	GlobalSection(ProjectConfigurationPlatforms) = postSolution
		{7BC902FD-9A8D-EEB4-25D9-1CF2DEBB91BE}.Debug|Any CPU.ActiveCfg = Debug|Any CPU
		{7BC902FD-9A8D-EEB4-25D9-1CF2DEBB91BE}.Debug|Any CPU.Build.0 = Debug|Any CPU
		{7BC902FD-9A8D-EEB4-25D9-1CF2DEBB91BE}.Release|Any CPU.ActiveCfg = Release|Any CPU
		{7BC902FD-9A8D-EEB4-25D9-1CF2DEBB91BE}.Release|Any CPU.Build.0 = Release|Any CPU
	EndGlobalSection
	GlobalSection(SolutionProperties) = preSolution
		HideSolutionNode = FALSE
	EndGlobalSection
	GlobalSection(ExtensibilityGlobals) = postSolution
		SolutionGuid = {E4750BA7-86C6-49A9-8729-4BB456E35918}
	EndGlobalSection
EndGlobal
